{
  "name": "webpack-import-sub-plugin",
  "version": "0.2.0",
  "lockfileVersion": 1,
  "requires": true,
  "dependencies": {
    "import-sub": {
      "version": "1.1.0",
      "resolved": "https://registry.npmjs.org/import-sub/-/import-sub-1.1.0.tgz",
      "integrity": "sha512-7U7U0EnMgr9cbfV27RLtpScAup1yVSihVxEMw8A1wju9/VP9NWa6amyT0JYaO/ww7YsqoFV5rx4uV8KLGXdKRA==",
      "requires": {
        "resolve": "^1.3.2"
      }
    },
    "path-parse": {
      "version": "1.0.6",
      "resolved": "https://registry.npmjs.org/path-parse/-/path-parse-1.0.6.tgz",
      "integrity": "sha512-GSmOT2EbHrINBf9SR7CDELwlJ8AENk3Qn7OikK4nFYAu3Ote2+JYNVvkpAEQm3/TLNEJFD/xZJjzyxg3KBWOzw=="
    },
    "resolve": {
      "version": "1.8.1",
      "resolved": "https://registry.npmjs.org/resolve/-/resolve-1.8.1.tgz",
      "integrity": "sha512-AicPrAC7Qu1JxPCZ9ZgCZlY35QgFnNqc+0LtbRNxnVw4TXvjQ72wnuL9JQcEBgXkI9JM8MsT9kaQoHcpCRJOYA==",
      "requires": {
        "path-parse": "^1.0.5"
      }
    }
  }
}
