{
  "name": "webpack-import-sub-plugin",
  "version": "0.1.1-beta",
  "lockfileVersion": 1,
  "requires": true,
  "dependencies": {
    "import-sub": {
      "version": "1.1.0-beta.3",
      "resolved": "https://registry.npmjs.org/import-sub/-/import-sub-1.1.0-beta.3.tgz",
      "integrity": "sha512-3j/Tq2PwBaZTrFWMvNLbCrPAKR4QJFntXMgs0vRblYmGBif9JI/czfiRnrU/Kh8t63ZZqy2FgXji7B+IvgPYHQ==",
      "requires": {
        "resolve": "^1.3.2"
      }
    },
    "path-parse": {
      "version": "1.0.6",
      "resolved": "https://registry.npmjs.org/path-parse/-/path-parse-1.0.6.tgz",
      "integrity": "sha512-GSmOT2EbHrINBf9SR7CDELwlJ8AENk3Qn7OikK4nFYAu3Ote2+JYNVvkpAEQm3/TLNEJFD/xZJjzyxg3KBWOzw=="
    },
    "resolve": {
      "version": "1.8.1",
      "resolved": "https://registry.npmjs.org/resolve/-/resolve-1.8.1.tgz",
      "integrity": "sha512-AicPrAC7Qu1JxPCZ9ZgCZlY35QgFnNqc+0LtbRNxnVw4TXvjQ72wnuL9JQcEBgXkI9JM8MsT9kaQoHcpCRJOYA==",
      "requires": {
        "path-parse": "^1.0.5"
      }
    }
  }
}
